
Microsoft Visual Studio Solution File, Format Version 12.00
# Visual Studio Version 17
VisualStudioVersion = 17.4.33110.190
MinimumVisualStudioVersion = 10.0.40219.1
Project("{FAE04EC0-301F-11D3-BF4B-00C04F79EFBC}") = "CSPharma", "CSPharma\CSPharma.csproj", "{C2B540DC-1726-4AE8-9545-F01D4E3BE2D8}"
EndProject
Project("{FAE04EC0-301F-11D3-BF4B-00C04F79EFBC}") = "DAL", "DAL\DAL.csproj", "{3A140F09-856B-46ED-8D3C-FBC083A14556}"
EndProject
Global
	GlobalSection(SolutionConfigurationPlatforms) = preSolution
		Debug|Any CPU = Debug|Any CPU
		Release|Any CPU = Release|Any CPU
	EndGlobalSection
	GlobalSection(ProjectConfigurationPlatforms) = postSolution
		{C2B540DC-1726-4AE8-9545-F01D4E3BE2D8}.Debug|Any CPU.ActiveCfg = Debug|Any CPU
		{C2B540DC-1726-4AE8-9545-F01D4E3BE2D8}.Debug|Any CPU.Build.0 = Debug|Any CPU
		{C2B540DC-1726-4AE8-9545-F01D4E3BE2D8}.Release|Any CPU.ActiveCfg = Release|Any CPU
		{C2B540DC-1726-4AE8-9545-F01D4E3BE2D8}.Release|Any CPU.Build.0 = Release|Any CPU
		{3A140F09-856B-46ED-8D3C-FBC083A14556}.Debug|Any CPU.ActiveCfg = Debug|Any CPU
		{3A140F09-856B-46ED-8D3C-FBC083A14556}.Debug|Any CPU.Build.0 = Debug|Any CPU
		{3A140F09-856B-46ED-8D3C-FBC083A14556}.Release|Any CPU.ActiveCfg = Release|Any CPU
		{3A140F09-856B-46ED-8D3C-FBC083A14556}.Release|Any CPU.Build.0 = Release|Any CPU
	EndGlobalSection
	GlobalSection(SolutionProperties) = preSolution
		HideSolutionNode = FALSE
	EndGlobalSection
	GlobalSection(ExtensibilityGlobals) = postSolution
		SolutionGuid = {9A3E0705-D4A9-4E48-9A6A-6627DDC972E5}
	EndGlobalSection
EndGlobal
